{
  "version": 4,
  "terraform_version": "1.5.1",
  "serial": 532,
  "lineage": "a922ccea-f5cf-39bd-de92-37b85d4fb66f",
  "outputs": {},
  "resources": [
    {
      "mode": "managed",
      "type": "aws_internet_gateway",
      "name": "obligatorio_igw",
      "provider": "provider[\"registry.terraform.io/hashicorp/aws\"]",
      "instances": [
        {
          "schema_version": 0,
          "attributes": {
            "arn": "arn:aws:ec2:us-east-1:750038500402:internet-gateway/igw-0339e5eb6bf5ada14",
            "id": "igw-0339e5eb6bf5ada14",
            "owner_id": "750038500402",
            "tags": {
              "Name": "obligatorioc1-internet-gateway",
              "terraform": "True"
            },
            "tags_all": {
              "Name": "obligatorioc1-internet-gateway",
              "terraform": "True"
            },
            "timeouts": null,
            "vpc_id": "vpc-0f7cc365de98fecc0"
          },
          "sensitive_attributes": [],
          "private": "eyJlMmJmYjczMC1lY2FhLTExZTYtOGY4OC0zNDM2M2JjN2M0YzAiOnsiY3JlYXRlIjoxMjAwMDAwMDAwMDAwLCJkZWxldGUiOjEyMDAwMDAwMDAwMDAsInVwZGF0ZSI6MTIwMDAwMDAwMDAwMH19",
          "dependencies": [
            "aws_vpc.vpc_obligatorio"
          ]
        }
      ]
    },
    {
      "mode": "managed",
      "type": "aws_subnet",
      "name": "obligatorio_public_subnet",
      "provider": "provider[\"registry.terraform.io/hashicorp/aws\"]",
      "instances": [
        {
          "schema_version": 1,
          "attributes": {
            "arn": "arn:aws:ec2:us-east-1:750038500402:subnet/subnet-0f29d952bf553627e",
            "assign_ipv6_address_on_creation": false,
            "availability_zone": "us-east-1a",
            "availability_zone_id": "use1-az2",
            "cidr_block": "10.0.1.0/24",
            "customer_owned_ipv4_pool": "",
            "enable_dns64": false,
            "enable_lni_at_device_index": 0,
            "enable_resource_name_dns_a_record_on_launch": false,
            "enable_resource_name_dns_aaaa_record_on_launch": false,
            "id": "subnet-0f29d952bf553627e",
            "ipv6_cidr_block": "",
            "ipv6_cidr_block_association_id": "",
            "ipv6_native": false,
            "map_customer_owned_ip_on_launch": false,
            "map_public_ip_on_launch": true,
            "outpost_arn": "",
            "owner_id": "750038500402",
            "private_dns_hostname_type_on_launch": "ip-name",
            "tags": {
              "Name": "obligatorio-public-subnet",
              "terraform": "True"
            },
            "tags_all": {
              "Name": "obligatorio-public-subnet",
              "terraform": "True"
            },
            "timeouts": null,
            "vpc_id": "vpc-0f7cc365de98fecc0"
          },
          "sensitive_attributes": [],
          "private": "eyJlMmJmYjczMC1lY2FhLTExZTYtOGY4OC0zNDM2M2JjN2M0YzAiOnsiY3JlYXRlIjo2MDAwMDAwMDAwMDAsImRlbGV0ZSI6MTIwMDAwMDAwMDAwMH0sInNjaGVtYV92ZXJzaW9uIjoiMSJ9",
          "dependencies": [
            "aws_vpc.vpc_obligatorio"
          ]
        }
      ]
    },
    {
      "mode": "managed",
      "type": "aws_vpc",
      "name": "vpc_obligatorio",
      "provider": "provider[\"registry.terraform.io/hashicorp/aws\"]",
      "instances": [
        {
          "schema_version": 1,
          "attributes": {
            "arn": "arn:aws:ec2:us-east-1:750038500402:vpc/vpc-0f7cc365de98fecc0",
            "assign_generated_ipv6_cidr_block": false,
            "cidr_block": "10.0.0.0/16",
            "default_network_acl_id": "acl-0aa1580d1f1cec5d4",
            "default_route_table_id": "rtb-0d4db889e98419a28",
            "default_security_group_id": "sg-006e88f2a715a61a1",
            "dhcp_options_id": "dopt-089184d729af7f812",
            "enable_dns_hostnames": false,
            "enable_dns_support": true,
            "enable_network_address_usage_metrics": false,
            "id": "vpc-0f7cc365de98fecc0",
            "instance_tenancy": "default",
            "ipv4_ipam_pool_id": null,
            "ipv4_netmask_length": null,
            "ipv6_association_id": "",
            "ipv6_cidr_block": "",
            "ipv6_cidr_block_network_border_group": "",
            "ipv6_ipam_pool_id": "",
            "ipv6_netmask_length": 0,
            "main_route_table_id": "rtb-0d4db889e98419a28",
            "owner_id": "750038500402",
            "tags": {
              "Name": "obligatorio-vpc",
              "terraform": "True"
            },
            "tags_all": {
              "Name": "obligatorio-vpc",
              "terraform": "True"
            }
          },
          "sensitive_attributes": [],
          "private": "eyJzY2hlbWFfdmVyc2lvbiI6IjEifQ=="
        }
      ]
    }
  ],
  "check_results": null
}
